
Microsoft Visual Studio Solution File, Format Version 12.00
# Visual Studio Version 17
VisualStudioVersion = 17.12.35707.178 d17.12
MinimumVisualStudioVersion = 10.0.40219.1
Project("{FAE04EC0-301F-11D3-BF4B-00C04F79EFBC}") = "01-Laboratory-Exercise-1-Yunos", "01-Laboratory-Exercise-1-Yunos\01-Laboratory-Exercise-1-Yunos.csproj", "{804EA968-CF29-4133-B0F3-E4CC99D93332}"
EndProject
Global
	GlobalSection(SolutionConfigurationPlatforms) = preSolution
		Debug|Any CPU = Debug|Any CPU
		Release|Any CPU = Release|Any CPU
	EndGlobalSection
	GlobalSection(ProjectConfigurationPlatforms) = postSolution
		{804EA968-CF29-4133-B0F3-E4CC99D93332}.Debug|Any CPU.ActiveCfg = Debug|Any CPU
		{804EA968-CF29-4133-B0F3-E4CC99D93332}.Debug|Any CPU.Build.0 = Debug|Any CPU
		{804EA968-CF29-4133-B0F3-E4CC99D93332}.Release|Any CPU.ActiveCfg = Release|Any CPU
		{804EA968-CF29-4133-B0F3-E4CC99D93332}.Release|Any CPU.Build.0 = Release|Any CPU
	EndGlobalSection
	GlobalSection(SolutionProperties) = preSolution
		HideSolutionNode = FALSE
	EndGlobalSection
EndGlobal
